
Microsoft Visual Studio Solution File, Format Version 12.00
# Visual Studio Version 17
VisualStudioVersion = 17.6.33723.286
MinimumVisualStudioVersion = 10.0.40219.1
Project("{FAE04EC0-301F-11D3-BF4B-00C04F79EFBC}") = "ElasticSearch.NewsApp", "ElasticSearch.NewsApp\ElasticSearch.NewsApp.csproj", "{0E913E70-2E3C-400F-BEA4-6946F86D905D}"
EndProject
Global
	GlobalSection(SolutionConfigurationPlatforms) = preSolution
		Debug|Any CPU = Debug|Any CPU
		Release|Any CPU = Release|Any CPU
	EndGlobalSection
	GlobalSection(ProjectConfigurationPlatforms) = postSolution
		{0E913E70-2E3C-400F-BEA4-6946F86D905D}.Debug|Any CPU.ActiveCfg = Debug|Any CPU
		{0E913E70-2E3C-400F-BEA4-6946F86D905D}.Debug|Any CPU.Build.0 = Debug|Any CPU
		{0E913E70-2E3C-400F-BEA4-6946F86D905D}.Release|Any CPU.ActiveCfg = Release|Any CPU
		{0E913E70-2E3C-400F-BEA4-6946F86D905D}.Release|Any CPU.Build.0 = Release|Any CPU
	EndGlobalSection
	GlobalSection(SolutionProperties) = preSolution
		HideSolutionNode = FALSE
	EndGlobalSection
	GlobalSection(ExtensibilityGlobals) = postSolution
		SolutionGuid = {D7CA22A6-EEB5-42B0-B31D-2DEA3D923EA1}
	EndGlobalSection
EndGlobal
